PODS:
  - SparrowKit (1.5.3)
  - SPStorkController (1.5.4)

DEPENDENCIES:
  - SparrowKit
  - SPStorkController

SPEC REPOS:
  https://github.com/cocoapods/specs.git:
    - SparrowKit
    - SPStorkController

SPEC CHECKSUMS:
  SparrowKit: 8a2991c81d6ab3038d4a41a98a1a73ea17d1a977
  SPStorkController: 6c34a0375ef1254299e460784886ff4e929b82ed

PODFILE CHECKSUM: 61a7363e9f5981ceaecf78264634e45b796e577c

COCOAPODS: 1.6.1
